
Microsoft Visual Studio Solution File, Format Version 12.00
# Visual Studio 15
VisualStudioVersion = 15.0.27130.2003
MinimumVisualStudioVersion = 10.0.40219.1
Project("{8BC9CEB8-8B4A-11D0-8D11-00A0C91BC942}") = "Tauros", "Tauros\Tauros.vcxproj", "{E874761D-F83B-4549-8186-190781868AA1}"
EndProject
Project("{FAE04EC0-301F-11D3-BF4B-00C04F79EFBC}") = "Launcher", "TaurosLauncher\Launcher.csproj", "{00B71DE2-43C1-4F58-BC35-6289E4889191}"
EndProject
Global
	GlobalSection(SolutionConfigurationPlatforms) = preSolution
		Debug|Any CPU = Debug|Any CPU
		Debug|x64 = Debug|x64
		Debug|x86 = Debug|x86
		Release|Any CPU = Release|Any CPU
		Release|x64 = Release|x64
		Release|x86 = Release|x86
	EndGlobalSection
	GlobalSection(ProjectConfigurationPlatforms) = postSolution
		{E874761D-F83B-4549-8186-190781868AA1}.Debug|Any CPU.ActiveCfg = Debug|Win32
		{E874761D-F83B-4549-8186-190781868AA1}.Debug|Any CPU.Build.0 = Debug|Win32
		{E874761D-F83B-4549-8186-190781868AA1}.Debug|x64.ActiveCfg = Debug|x64
		{E874761D-F83B-4549-8186-190781868AA1}.Debug|x64.Build.0 = Debug|x64
		{E874761D-F83B-4549-8186-190781868AA1}.Debug|x86.ActiveCfg = Debug|Win32
		{E874761D-F83B-4549-8186-190781868AA1}.Debug|x86.Build.0 = Debug|Win32
		{E874761D-F83B-4549-8186-190781868AA1}.Release|Any CPU.ActiveCfg = Release|Win32
		{E874761D-F83B-4549-8186-190781868AA1}.Release|Any CPU.Build.0 = Release|Win32
		{E874761D-F83B-4549-8186-190781868AA1}.Release|x64.ActiveCfg = Release|x64
		{E874761D-F83B-4549-8186-190781868AA1}.Release|x64.Build.0 = Release|x64
		{E874761D-F83B-4549-8186-190781868AA1}.Release|x86.ActiveCfg = Release|Win32
		{E874761D-F83B-4549-8186-190781868AA1}.Release|x86.Build.0 = Release|Win32
		{00B71DE2-43C1-4F58-BC35-6289E4889191}.Debug|Any CPU.ActiveCfg = Debug|Any CPU
		{00B71DE2-43C1-4F58-BC35-6289E4889191}.Debug|Any CPU.Build.0 = Debug|Any CPU
		{00B71DE2-43C1-4F58-BC35-6289E4889191}.Debug|x64.ActiveCfg = Debug|Any CPU
		{00B71DE2-43C1-4F58-BC35-6289E4889191}.Debug|x64.Build.0 = Debug|Any CPU
		{00B71DE2-43C1-4F58-BC35-6289E4889191}.Debug|x86.ActiveCfg = Debug|Any CPU
		{00B71DE2-43C1-4F58-BC35-6289E4889191}.Debug|x86.Build.0 = Debug|Any CPU
		{00B71DE2-43C1-4F58-BC35-6289E4889191}.Release|Any CPU.ActiveCfg = Release|Any CPU
		{00B71DE2-43C1-4F58-BC35-6289E4889191}.Release|Any CPU.Build.0 = Release|Any CPU
		{00B71DE2-43C1-4F58-BC35-6289E4889191}.Release|x64.ActiveCfg = Release|Any CPU
		{00B71DE2-43C1-4F58-BC35-6289E4889191}.Release|x64.Build.0 = Release|Any CPU
		{00B71DE2-43C1-4F58-BC35-6289E4889191}.Release|x86.ActiveCfg = Release|Any CPU
		{00B71DE2-43C1-4F58-BC35-6289E4889191}.Release|x86.Build.0 = Release|Any CPU
	EndGlobalSection
	GlobalSection(SolutionProperties) = preSolution
		HideSolutionNode = FALSE
	EndGlobalSection
	GlobalSection(ExtensibilityGlobals) = postSolution
		SolutionGuid = {7F993489-5327-4004-87CB-601F961064C4}
	EndGlobalSection
EndGlobal
